// !$*UTF8*$!
{
	archiveVersion = 1;
	classes = {
	};
	objectVersion = 50;
	objects = {

/* Begin PBXBuildFile section */
		88DDDF63214517CD00827B68 /* AppDelegate.swift in Sources */ = {isa = PBXBuildFile; fileRef = 88DDDF62214517CD00827B68 /* AppDelegate.swift */; };
		88DDDF65214517CD00827B68 /* ViewController.swift in Sources */ = {isa = PBXBuildFile; fileRef = 88DDDF64214517CD00827B68 /* ViewController.swift */; };
		88DDDF68214517CD00827B68 /* Main.storyboard in Resources */ = {isa = PBXBuildFile; fileRef = 88DDDF66214517CD00827B68 /* Main.storyboard */; };
		88DDDF6A214517CD00827B68 /* Assets.xcassets in Resources */ = {isa = PBXBuildFile; fileRef = 88DDDF69214517CD00827B68 /* Assets.xcassets */; };
		88DDDF6D214517CD00827B68 /* LaunchScreen.storyboard in Resources */ = {isa = PBXBuildFile; fileRef = 88DDDF6B214517CD00827B68 /* LaunchScreen.storyboard */; };
		88F3F3592145186D00988714 /* MyColors.json in Resources */ = {isa = PBXBuildFile; fileRef = 88F3F3582145186D00988714 /* MyColors.json */; };
		88F3F35B21451A7B00988714 /* JiWonVC.swift in Sources */ = {isa = PBXBuildFile; fileRef = 88F3F35A21451A7B00988714 /* JiWonVC.swift */; };
/* End PBXBuildFile section */

/* Begin PBXFileReference section */
		88DDDF5F214517CD00827B68 /* Json[CP4].app */ = {isa = PBXFileReference; explicitFileType = wrapper.application; includeInIndex = 0; path = "Json[CP4].app"; sourceTree = BUILT_PRODUCTS_DIR; };
		88DDDF62214517CD00827B68 /* AppDelegate.swift */ = {isa = PBXFileReference; lastKnownFileType = sourcecode.swift; path = AppDelegate.swift; sourceTree = "<group>"; };
		88DDDF64214517CD00827B68 /* ViewController.swift */ = {isa = PBXFileReference; lastKnownFileType = sourcecode.swift; path = ViewController.swift; sourceTree = "<group>"; };
		88DDDF67214517CD00827B68 /* Base */ = {isa = PBXFileReference; lastKnownFileType = file.storyboard; name = Base; path = Base.lproj/Main.storyboard; sourceTree = "<group>"; };
		88DDDF69214517CD00827B68 /* Assets.xcassets */ = {isa = PBXFileReference; lastKnownFileType = folder.assetcatalog; path = Assets.xcassets; sourceTree = "<group>"; };
		88DDDF6C214517CD00827B68 /* Base */ = {isa = PBXFileReference; lastKnownFileType = file.storyboard; name = Base; path = Base.lproj/LaunchScreen.storyboard; sourceTree = "<group>"; };
		88DDDF6E214517CD00827B68 /* Info.plist */ = {isa = PBXFileReference; lastKnownFileType = text.plist.xml; path = Info.plist; sourceTree = "<group>"; };
		88F3F3582145186D00988714 /* MyColors.json */ = {isa = PBXFileReference; fileEncoding = 4; lastKnownFileType = text.json; path = MyColors.json; sourceTree = "<group>"; };
		88F3F35A21451A7B00988714 /* JiWonVC.swift */ = {isa = PBXFileReference; fileEncoding = 4; lastKnownFileType = sourcecode.swift; path = JiWonVC.swift; sourceTree = "<group>"; };
/* End PBXFileReference section */

/* Begin PBXFrameworksBuildPhase section */
		88DDDF5C214517CD00827B68 /* Frameworks */ = {
			isa = PBXFrameworksBuildPhase;
			buildActionMask = 2147483647;
			files = (
			);
			runOnlyForDeploymentPostprocessing = 0;
		};
/* End PBXFrameworksBuildPhase section */

/* Begin PBXGroup section */
		88DDDF56214517CD00827B68 = {
			isa = PBXGroup;
			children = (
				88DDDF61214517CD00827B68 /* Json[CP4] */,
				88DDDF60214517CD00827B68 /* Products */,
			);
			sourceTree = "<group>";
		};
		88DDDF60214517CD00827B68 /* Products */ = {
			isa = PBXGroup;
			children = (
				88DDDF5F214517CD00827B68 /* Json[CP4].app */,
			);
			name = Products;
			sourceTree = "<group>";
		};
		88DDDF61214517CD00827B68 /* Json[CP4] */ = {
			isa = PBXGroup;
			children = (
				88DDDF62214517CD00827B68 /* AppDelegate.swift */,
				88DDDF64214517CD00827B68 /* ViewController.swift */,
				88F3F35A21451A7B00988714 /* JiWonVC.swift */,
				88F3F3582145186D00988714 /* MyColors.json */,
				88DDDF66214517CD00827B68 /* Main.storyboard */,
				88DDDF69214517CD00827B68 /* Assets.xcassets */,
				88DDDF6B214517CD00827B68 /* LaunchScreen.storyboard */,
				88DDDF6E214517CD00827B68 /* Info.plist */,
			);
			path = "Json[CP4]";
			sourceTree = "<group>";
		};
/* End PBXGroup section */

/* Begin PBXNativeTarget section */
		88DDDF5E214517CD00827B68 /* Json[CP4] */ = {
			isa = PBXNativeTarget;
			buildConfigurationList = 88DDDF71214517CD00827B68 /* Build configuration list for PBXNativeTarget "Json[CP4]" */;
			buildPhases = (
				88DDDF5B214517CD00827B68 /* Sources */,
				88DDDF5C214517CD00827B68 /* Frameworks */,
				88DDDF5D214517CD00827B68 /* Resources */,
			);
			buildRules = (
			);
			dependencies = (
			);
			name = "Json[CP4]";
			productName = "Json[CP4]";
			productReference = 88DDDF5F214517CD00827B68 /* Json[CP4].app */;
			productType = "com.apple.product-type.application";
		};
/* End PBXNativeTarget section */

/* Begin PBXProject section */
		88DDDF57214517CD00827B68 /* Project object */ = {
			isa = PBXProject;
			attributes = {
				LastSwiftUpdateCheck = 0940;
				LastUpgradeCheck = 0940;
				ORGANIZATIONNAME = recursivesoft;
				TargetAttributes = {
					88DDDF5E214517CD00827B68 = {
						CreatedOnToolsVersion = 9.4.1;
					};
				};
			};
			buildConfigurationList = 88DDDF5A214517CD00827B68 /* Build configuration list for PBXProject "Json[CP4]" */;
			compatibilityVersion = "Xcode 9.3";
			developmentRegion = en;
			hasScannedForEncodings = 0;
			knownRegions = (
				en,
				Base,
			);
			mainGroup = 88DDDF56214517CD00827B68;
			productRefGroup = 88DDDF60214517CD00827B68 /* Products */;
			projectDirPath = "";
			projectRoot = "";
			targets = (
				88DDDF5E214517CD00827B68 /* Json[CP4] */,
			);
		};
/* End PBXProject section */

/* Begin PBXResourcesBuildPhase section */
		88DDDF5D214517CD00827B68 /* Resources */ = {
			isa = PBXResourcesBuildPhase;
			buildActionMask = 2147483647;
			files = (
				88DDDF6D214517CD00827B68 /* LaunchScreen.storyboard in Resources */,
				88F3F3592145186D00988714 /* MyColors.json in Resources */,
				88DDDF6A214517CD00827B68 /* Assets.xcassets in Resources */,
				88DDDF68214517CD00827B68 /* Main.storyboard in Resources */,
			);
			runOnlyForDeploymentPostprocessing = 0;
		};
/* End PBXResourcesBuildPhase section */

/* Begin PBXSourcesBuildPhase section */
		88DDDF5B214517CD00827B68 /* Sources */ = {
			isa = PBXSourcesBuildPhase;
			buildActionMask = 2147483647;
			files = (
				88DDDF65214517CD00827B68 /* ViewController.swift in Sources */,
				88DDDF63214517CD00827B68 /* AppDelegate.swift in Sources */,
				88F3F35B21451A7B00988714 /* JiWonVC.swift in Sources */,
			);
			runOnlyForDeploymentPostprocessing = 0;
		};
/* End PBXSourcesBuildPhase section */

/* Begin PBXVariantGroup section */
		88DDDF66214517CD00827B68 /* Main.storyboard */ = {
			isa = PBXVariantGroup;
			children = (
				88DDDF67214517CD00827B68 /* Base */,
			);
			name = Main.storyboard;
			sourceTree = "<group>";
		};
		88DDDF6B214517CD00827B68 /* LaunchScreen.storyboard */ = {
			isa = PBXVariantGroup;
			children = (
				88DDDF6C214517CD00827B68 /* Base */,
			);
			name = LaunchScreen.storyboard;
			sourceTree = "<group>";
		};
/* End PBXVariantGroup section */

/* Begin XCBuildConfiguration section */
		88DDDF6F214517CD00827B68 /* Debug */ = {
			isa = XCBuildConfiguration;
			buildSettings = {
				ALWAYS_SEARCH_USER_PATHS = NO;
				CLANG_ANALYZER_NONNULL = YES;
				CLANG_ANALYZER_NUMBER_OBJECT_CONVERSION = YES_AGGRESSIVE;
				CLANG_CXX_LANGUAGE_STANDARD = "gnu++14";
				CLANG_CXX_LIBRARY = "libc++";
				CLANG_ENABLE_MODULES = YES;
				CLANG_ENABLE_OBJC_ARC = YES;
				CLANG_ENABLE_OBJC_WEAK = YES;
				CLANG_WARN_BLOCK_CAPTURE_AUTORELEASING = YES;
				CLANG_WARN_BOOL_CONVERSION = YES;
				CLANG_WARN_COMMA = YES;
				CLANG_WARN_CONSTANT_CONVERSION = YES;
				CLANG_WARN_DEPRECATED_OBJC_IMPLEMENTATIONS = YES;
				CLANG_WARN_DIRECT_OBJC_ISA_USAGE = YES_ERROR;
				CLANG_WARN_DOCUMENTATION_COMMENTS = YES;
				CLANG_WARN_EMPTY_BODY = YES;
				CLANG_WARN_ENUM_CONVERSION = YES;
				CLANG_WARN_INFINITE_RECURSION = YES;
				CLANG_WARN_INT_CONVERSION = YES;
				CLANG_WARN_NON_LITERAL_NULL_CONVERSION = YES;
				CLANG_WARN_OBJC_IMPLICIT_RETAIN_SELF = YES;
				CLANG_WARN_OBJC_LITERAL_CONVERSION = YES;
				CLANG_WARN_OBJC_ROOT_CLASS = YES_ERROR;
				CLANG_WARN_RANGE_LOOP_ANALYSIS = YES;
				CLANG_WARN_STRICT_PROTOTYPES = YES;
				CLANG_WARN_SUSPICIOUS_MOVE = YES;
				CLANG_WARN_UNGUARDED_AVAILABILITY = YES_AGGRESSIVE;
				CLANG_WARN_UNREACHABLE_CODE = YES;
				CLANG_WARN__DUPLICATE_METHOD_MATCH = YES;
				CODE_SIGN_IDENTITY = "iPhone Developer";
				COPY_PHASE_STRIP = NO;
				DEBUG_INFORMATION_FORMAT = dwarf;
				ENABLE_STRICT_OBJC_MSGSEND = YES;
				ENABLE_TESTABILITY = YES;
				GCC_C_LANGUAGE_STANDARD = gnu11;
				GCC_DYNAMIC_NO_PIC = NO;
				GCC_NO_COMMON_BLOCKS = YES;
				GCC_OPTIMIZATION_LEVEL = 0;
				GCC_PREPROCESSOR_DEFINITIONS = (
					"DEBUG=1",
					"$(inherited)",
				);
				GCC_WARN_64_TO_32_BIT_CONVERSION = YES;
				GCC_WARN_ABOUT_RETURN_TYPE = YES_ERROR;
				GCC_WARN_UNDECLARED_SELECTOR = YES;
				GCC_WARN_UNINITIALIZED_AUTOS = YES_AGGRESSIVE;
				GCC_WARN_UNUSED_FUNCTION = YES;
				GCC_WARN_UNUSED_VARIABLE = YES;
				IPHONEOS_DEPLOYMENT_TARGET = 11.4;
				MTL_ENABLE_DEBUG_INFO = YES;
				ONLY_ACTIVE_ARCH = YES;
				SDKROOT = iphoneos;
				SWIFT_ACTIVE_COMPILATION_CONDITIONS = DEBUG;
				SWIFT_OPTIMIZATION_LEVEL = "-Onone";
			};
			name = Debug;
		};
		88DDDF70214517CD00827B68 /* Release */ = {
			isa = XCBuildConfiguration;
			buildSettings = {
				ALWAYS_SEARCH_USER_PATHS = NO;
				CLANG_ANALYZER_NONNULL = YES;
				CLANG_ANALYZER_NUMBER_OBJECT_CONVERSION = YES_AGGRESSIVE;
				CLANG_CXX_LANGUAGE_STANDARD = "gnu++14";
				CLANG_CXX_LIBRARY = "libc++";
				CLANG_ENABLE_MODULES = YES;
				CLANG_ENABLE_OBJC_ARC = YES;
				CLANG_ENABLE_OBJC_WEAK = YES;
				CLANG_WARN_BLOCK_CAPTURE_AUTORELEASING = YES;
				CLANG_WARN_BOOL_CONVERSION = YES;
				CLANG_WARN_COMMA = YES;
				CLANG_WARN_CONSTANT_CONVERSION = YES;
				CLANG_WARN_DEPRECATED_OBJC_IMPLEMENTATIONS = YES;
				CLANG_WARN_DIRECT_OBJC_ISA_USAGE = YES_ERROR;
				CLANG_WARN_DOCUMENTATION_COMMENTS = YES;
				CLANG_WARN_EMPTY_BODY = YES;
				CLANG_WARN_ENUM_CONVERSION = YES;
				CLANG_WARN_INFINITE_RECURSION = YES;
				CLANG_WARN_INT_CONVERSION = YES;
				CLANG_WARN_NON_LITERAL_NULL_CONVERSION = YES;
				CLANG_WARN_OBJC_IMPLICIT_RETAIN_SELF = YES;
				CLANG_WARN_OBJC_LITERAL_CONVERSION = YES;
				CLANG_WARN_OBJC_ROOT_CLASS = YES_ERROR;
				CLANG_WARN_RANGE_LOOP_ANALYSIS = YES;
				CLANG_WARN_STRICT_PROTOTYPES = YES;
				CLANG_WARN_SUSPICIOUS_MOVE = YES;
				CLANG_WARN_UNGUARDED_AVAILABILITY = YES_AGGRESSIVE;
				CLANG_WARN_UNREACHABLE_CODE = YES;
				CLANG_WARN__DUPLICATE_METHOD_MATCH = YES;
				CODE_SIGN_IDENTITY = "iPhone Developer";
				COPY_PHASE_STRIP = NO;
				DEBUG_INFORMATION_FORMAT = "dwarf-with-dsym";
				ENABLE_NS_ASSERTIONS = NO;
				ENABLE_STRICT_OBJC_MSGSEND = YES;
				GCC_C_LANGUAGE_STANDARD = gnu11;
				GCC_NO_COMMON_BLOCKS = YES;
				GCC_WARN_64_TO_32_BIT_CONVERSION = YES;
				GCC_WARN_ABOUT_RETURN_TYPE = YES_ERROR;
				GCC_WARN_UNDECLARED_SELECTOR = YES;
				GCC_WARN_UNINITIALIZED_AUTOS = YES_AGGRESSIVE;
				GCC_WARN_UNUSED_FUNCTION = YES;
				GCC_WARN_UNUSED_VARIABLE = YES;
				IPHONEOS_DEPLOYMENT_TARGET = 11.4;
				MTL_ENABLE_DEBUG_INFO = NO;
				SDKROOT = iphoneos;
				SWIFT_COMPILATION_MODE = wholemodule;
				SWIFT_OPTIMIZATION_LEVEL = "-O";
				VALIDATE_PRODUCT = YES;
			};
			name = Release;
		};
		88DDDF72214517CD00827B68 /* Debug */ = {
			isa = XCBuildConfiguration;
			buildSettings = {
				ASSETCATALOG_COMPILER_APPICON_NAME = AppIcon;
				CODE_SIGN_STYLE = Automatic;
				DEVELOPMENT_TEAM = 75UH2Q9G7Z;
				INFOPLIST_FILE = "Json[CP4]/Info.plist";
				LD_RUNPATH_SEARCH_PATHS = (
					"$(inherited)",
					"@executable_path/Frameworks",
				);
				PRODUCT_BUNDLE_IDENTIFIER = "com.recursivesoft.Json-CP4-";
				PRODUCT_NAME = "$(TARGET_NAME)";
				SWIFT_VERSION = 4.0;
				TARGETED_DEVICE_FAMILY = "1,2";
			};
			name = Debug;
		};
		88DDDF73214517CD00827B68 /* Release */ = {
			isa = XCBuildConfiguration;
			buildSettings = {
				ASSETCATALOG_COMPILER_APPICON_NAME = AppIcon;
				CODE_SIGN_STYLE = Automatic;
				DEVELOPMENT_TEAM = 75UH2Q9G7Z;
				INFOPLIST_FILE = "Json[CP4]/Info.plist";
				LD_RUNPATH_SEARCH_PATHS = (
					"$(inherited)",
					"@executable_path/Frameworks",
				);
				PRODUCT_BUNDLE_IDENTIFIER = "com.recursivesoft.Json-CP4-";
				PRODUCT_NAME = "$(TARGET_NAME)";
				SWIFT_VERSION = 4.0;
				TARGETED_DEVICE_FAMILY = "1,2";
			};
			name = Release;
		};
/* End XCBuildConfiguration section */

/* Begin XCConfigurationList section */
		88DDDF5A214517CD00827B68 /* Build configuration list for PBXProject "Json[CP4]" */ = {
			isa = XCConfigurationList;
			buildConfigurations = (
				88DDDF6F214517CD00827B68 /* Debug */,
				88DDDF70214517CD00827B68 /* Release */,
			);
			defaultConfigurationIsVisible = 0;
			defaultConfigurationName = Release;
		};
		88DDDF71214517CD00827B68 /* Build configuration list for PBXNativeTarget "Json[CP4]" */ = {
			isa = XCConfigurationList;
			buildConfigurations = (
				88DDDF72214517CD00827B68 /* Debug */,
				88DDDF73214517CD00827B68 /* Release */,
			);
			defaultConfigurationIsVisible = 0;
			defaultConfigurationName = Release;
		};
/* End XCConfigurationList section */
	};
	rootObject = 88DDDF57214517CD00827B68 /* Project object */;
}
